// !$*UTF8*$!
{
	archiveVersion = 1;
	classes = {
	};
	objectVersion = 46;
	objects = {

/* Begin PBXBuildFile section */
		07A164C91CA5A6A40018F590 /* main.m in Sources */ = {isa = PBXBuildFile; fileRef = 07A164C81CA5A6A40018F590 /* main.m */; };
		07A164CC1CA5A6A40018F590 /* AppDelegate.m in Sources */ = {isa = PBXBuildFile; fileRef = 07A164CB1CA5A6A40018F590 /* AppDelegate.m */; };
		07A164D41CA5A6A50018F590 /* Assets.xcassets in Resources */ = {isa = PBXBuildFile; fileRef = 07A164D31CA5A6A50018F590 /* Assets.xcassets */; };
		07A164D71CA5A6A50018F590 /* LaunchScreen.storyboard in Resources */ = {isa = PBXBuildFile; fileRef = 07A164D51CA5A6A50018F590 /* LaunchScreen.storyboard */; };
		07A164E01CA5AE250018F590 /* Calculadora.m in Sources */ = {isa = PBXBuildFile; fileRef = 07A164DF1CA5AE250018F590 /* Calculadora.m */; };
		07A164E21CA5AF9B0018F590 /* Main.storyboard in Resources */ = {isa = PBXBuildFile; fileRef = 07A164E11CA5AF9B0018F590 /* Main.storyboard */; };
		07A164E81CA5BC920018F590 /* SomaPA.m in Sources */ = {isa = PBXBuildFile; fileRef = 07A164E71CA5BC920018F590 /* SomaPA.m */; };
		07A164EB1CA5D4010018F590 /* Temperaturas.m in Sources */ = {isa = PBXBuildFile; fileRef = 07A164EA1CA5D4010018F590 /* Temperaturas.m */; };
		07A164EE1CA5F9D80018F590 /* Funcionario.m in Sources */ = {isa = PBXBuildFile; fileRef = 07A164ED1CA5F9D80018F590 /* Funcionario.m */; };
		07A164F11CA5FC810018F590 /* Gerente.m in Sources */ = {isa = PBXBuildFile; fileRef = 07A164F01CA5FC810018F590 /* Gerente.m */; };
		07A164F41CA5FCA00018F590 /* Vendedor.m in Sources */ = {isa = PBXBuildFile; fileRef = 07A164F31CA5FCA00018F590 /* Vendedor.m */; };
		07A164F71CA603DB0018F590 /* novoSalario.m in Sources */ = {isa = PBXBuildFile; fileRef = 07A164F61CA603DB0018F590 /* novoSalario.m */; };
/* End PBXBuildFile section */

/* Begin PBXFileReference section */
		07A164C41CA5A6A40018F590 /* assessment-questao-3.app */ = {isa = PBXFileReference; explicitFileType = wrapper.application; includeInIndex = 0; path = "assessment-questao-3.app"; sourceTree = BUILT_PRODUCTS_DIR; };
		07A164C81CA5A6A40018F590 /* main.m */ = {isa = PBXFileReference; lastKnownFileType = sourcecode.c.objc; path = main.m; sourceTree = "<group>"; };
		07A164CA1CA5A6A40018F590 /* AppDelegate.h */ = {isa = PBXFileReference; lastKnownFileType = sourcecode.c.h; path = AppDelegate.h; sourceTree = "<group>"; };
		07A164CB1CA5A6A40018F590 /* AppDelegate.m */ = {isa = PBXFileReference; lastKnownFileType = sourcecode.c.objc; path = AppDelegate.m; sourceTree = "<group>"; };
		07A164D31CA5A6A50018F590 /* Assets.xcassets */ = {isa = PBXFileReference; lastKnownFileType = folder.assetcatalog; path = Assets.xcassets; sourceTree = "<group>"; };
		07A164D61CA5A6A50018F590 /* Base */ = {isa = PBXFileReference; lastKnownFileType = file.storyboard; name = Base; path = Base.lproj/LaunchScreen.storyboard; sourceTree = "<group>"; };
		07A164D81CA5A6A50018F590 /* Info.plist */ = {isa = PBXFileReference; lastKnownFileType = text.plist.xml; path = Info.plist; sourceTree = "<group>"; };
		07A164DE1CA5AE250018F590 /* Calculadora.h */ = {isa = PBXFileReference; fileEncoding = 4; lastKnownFileType = sourcecode.c.h; path = Calculadora.h; sourceTree = "<group>"; };
		07A164DF1CA5AE250018F590 /* Calculadora.m */ = {isa = PBXFileReference; fileEncoding = 4; lastKnownFileType = sourcecode.c.objc; path = Calculadora.m; sourceTree = "<group>"; };
		07A164E11CA5AF9B0018F590 /* Main.storyboard */ = {isa = PBXFileReference; fileEncoding = 4; lastKnownFileType = file.storyboard; path = Main.storyboard; sourceTree = "<group>"; };
		07A164E61CA5BC920018F590 /* SomaPA.h */ = {isa = PBXFileReference; fileEncoding = 4; lastKnownFileType = sourcecode.c.h; path = SomaPA.h; sourceTree = "<group>"; };
		07A164E71CA5BC920018F590 /* SomaPA.m */ = {isa = PBXFileReference; fileEncoding = 4; lastKnownFileType = sourcecode.c.objc; path = SomaPA.m; sourceTree = "<group>"; };
		07A164E91CA5D4010018F590 /* Temperaturas.h */ = {isa = PBXFileReference; fileEncoding = 4; lastKnownFileType = sourcecode.c.h; path = Temperaturas.h; sourceTree = "<group>"; };
		07A164EA1CA5D4010018F590 /* Temperaturas.m */ = {isa = PBXFileReference; fileEncoding = 4; lastKnownFileType = sourcecode.c.objc; path = Temperaturas.m; sourceTree = "<group>"; };
		07A164EC1CA5F9D80018F590 /* Funcionario.h */ = {isa = PBXFileReference; fileEncoding = 4; lastKnownFileType = sourcecode.c.h; path = Funcionario.h; sourceTree = "<group>"; };
		07A164ED1CA5F9D80018F590 /* Funcionario.m */ = {isa = PBXFileReference; fileEncoding = 4; lastKnownFileType = sourcecode.c.objc; path = Funcionario.m; sourceTree = "<group>"; };
		07A164EF1CA5FC810018F590 /* Gerente.h */ = {isa = PBXFileReference; fileEncoding = 4; lastKnownFileType = sourcecode.c.h; path = Gerente.h; sourceTree = "<group>"; };
		07A164F01CA5FC810018F590 /* Gerente.m */ = {isa = PBXFileReference; fileEncoding = 4; lastKnownFileType = sourcecode.c.objc; path = Gerente.m; sourceTree = "<group>"; };
		07A164F21CA5FCA00018F590 /* Vendedor.h */ = {isa = PBXFileReference; fileEncoding = 4; lastKnownFileType = sourcecode.c.h; path = Vendedor.h; sourceTree = "<group>"; };
		07A164F31CA5FCA00018F590 /* Vendedor.m */ = {isa = PBXFileReference; fileEncoding = 4; lastKnownFileType = sourcecode.c.objc; path = Vendedor.m; sourceTree = "<group>"; };
		07A164F51CA603DB0018F590 /* novoSalario.h */ = {isa = PBXFileReference; fileEncoding = 4; lastKnownFileType = sourcecode.c.h; path = novoSalario.h; sourceTree = "<group>"; };
		07A164F61CA603DB0018F590 /* novoSalario.m */ = {isa = PBXFileReference; fileEncoding = 4; lastKnownFileType = sourcecode.c.objc; path = novoSalario.m; sourceTree = "<group>"; };
/* End PBXFileReference section */

/* Begin PBXFrameworksBuildPhase section */
		07A164C11CA5A6A40018F590 /* Frameworks */ = {
			isa = PBXFrameworksBuildPhase;
			buildActionMask = 2147483647;
			files = (
			);
			runOnlyForDeploymentPostprocessing = 0;
		};
/* End PBXFrameworksBuildPhase section */

/* Begin PBXGroup section */
		07A164BB1CA5A6A40018F590 = {
			isa = PBXGroup;
			children = (
				07A164C61CA5A6A40018F590 /* assessment-questao-3 */,
				07A164C51CA5A6A40018F590 /* Products */,
			);
			sourceTree = "<group>";
		};
		07A164C51CA5A6A40018F590 /* Products */ = {
			isa = PBXGroup;
			children = (
				07A164C41CA5A6A40018F590 /* assessment-questao-3.app */,
			);
			name = Products;
			sourceTree = "<group>";
		};
		07A164C61CA5A6A40018F590 /* assessment-questao-3 */ = {
			isa = PBXGroup;
			children = (
				07A164CA1CA5A6A40018F590 /* AppDelegate.h */,
				07A164CB1CA5A6A40018F590 /* AppDelegate.m */,
				07A164DE1CA5AE250018F590 /* Calculadora.h */,
				07A164DF1CA5AE250018F590 /* Calculadora.m */,
				07A164E61CA5BC920018F590 /* SomaPA.h */,
				07A164E71CA5BC920018F590 /* SomaPA.m */,
				07A164E91CA5D4010018F590 /* Temperaturas.h */,
				07A164EA1CA5D4010018F590 /* Temperaturas.m */,
				07A164EC1CA5F9D80018F590 /* Funcionario.h */,
				07A164ED1CA5F9D80018F590 /* Funcionario.m */,
				07A164EF1CA5FC810018F590 /* Gerente.h */,
				07A164F01CA5FC810018F590 /* Gerente.m */,
				07A164F21CA5FCA00018F590 /* Vendedor.h */,
				07A164F31CA5FCA00018F590 /* Vendedor.m */,
				07A164F51CA603DB0018F590 /* novoSalario.h */,
				07A164F61CA603DB0018F590 /* novoSalario.m */,
				07A164E11CA5AF9B0018F590 /* Main.storyboard */,
				07A164D31CA5A6A50018F590 /* Assets.xcassets */,
				07A164D51CA5A6A50018F590 /* LaunchScreen.storyboard */,
				07A164D81CA5A6A50018F590 /* Info.plist */,
				07A164C71CA5A6A40018F590 /* Supporting Files */,
			);
			path = "assessment-questao-3";
			sourceTree = "<group>";
		};
		07A164C71CA5A6A40018F590 /* Supporting Files */ = {
			isa = PBXGroup;
			children = (
				07A164C81CA5A6A40018F590 /* main.m */,
			);
			name = "Supporting Files";
			sourceTree = "<group>";
		};
/* End PBXGroup section */

/* Begin PBXNativeTarget section */
		07A164C31CA5A6A40018F590 /* assessment-questao-3 */ = {
			isa = PBXNativeTarget;
			buildConfigurationList = 07A164DB1CA5A6A50018F590 /* Build configuration list for PBXNativeTarget "assessment-questao-3" */;
			buildPhases = (
				07A164C01CA5A6A40018F590 /* Sources */,
				07A164C11CA5A6A40018F590 /* Frameworks */,
				07A164C21CA5A6A40018F590 /* Resources */,
			);
			buildRules = (
			);
			dependencies = (
			);
			name = "assessment-questao-3";
			productName = "assessment-questao-3";
			productReference = 07A164C41CA5A6A40018F590 /* assessment-questao-3.app */;
			productType = "com.apple.product-type.application";
		};
/* End PBXNativeTarget section */

/* Begin PBXProject section */
		07A164BC1CA5A6A40018F590 /* Project object */ = {
			isa = PBXProject;
			attributes = {
				LastUpgradeCheck = 0720;
				ORGANIZATIONNAME = infnet;
				TargetAttributes = {
					07A164C31CA5A6A40018F590 = {
						CreatedOnToolsVersion = 7.2;
					};
				};
			};
			buildConfigurationList = 07A164BF1CA5A6A40018F590 /* Build configuration list for PBXProject "assessment-questao-3" */;
			compatibilityVersion = "Xcode 3.2";
			developmentRegion = English;
			hasScannedForEncodings = 0;
			knownRegions = (
				en,
				Base,
			);
			mainGroup = 07A164BB1CA5A6A40018F590;
			productRefGroup = 07A164C51CA5A6A40018F590 /* Products */;
			projectDirPath = "";
			projectRoot = "";
			targets = (
				07A164C31CA5A6A40018F590 /* assessment-questao-3 */,
			);
		};
/* End PBXProject section */

/* Begin PBXResourcesBuildPhase section */
		07A164C21CA5A6A40018F590 /* Resources */ = {
			isa = PBXResourcesBuildPhase;
			buildActionMask = 2147483647;
			files = (
				07A164D71CA5A6A50018F590 /* LaunchScreen.storyboard in Resources */,
				07A164D41CA5A6A50018F590 /* Assets.xcassets in Resources */,
				07A164E21CA5AF9B0018F590 /* Main.storyboard in Resources */,
			);
			runOnlyForDeploymentPostprocessing = 0;
		};
/* End PBXResourcesBuildPhase section */

/* Begin PBXSourcesBuildPhase section */
		07A164C01CA5A6A40018F590 /* Sources */ = {
			isa = PBXSourcesBuildPhase;
			buildActionMask = 2147483647;
			files = (
				07A164E81CA5BC920018F590 /* SomaPA.m in Sources */,
				07A164EE1CA5F9D80018F590 /* Funcionario.m in Sources */,
				07A164F11CA5FC810018F590 /* Gerente.m in Sources */,
				07A164EB1CA5D4010018F590 /* Temperaturas.m in Sources */,
				07A164F71CA603DB0018F590 /* novoSalario.m in Sources */,
				07A164F41CA5FCA00018F590 /* Vendedor.m in Sources */,
				07A164CC1CA5A6A40018F590 /* AppDelegate.m in Sources */,
				07A164C91CA5A6A40018F590 /* main.m in Sources */,
				07A164E01CA5AE250018F590 /* Calculadora.m in Sources */,
			);
			runOnlyForDeploymentPostprocessing = 0;
		};
/* End PBXSourcesBuildPhase section */

/* Begin PBXVariantGroup section */
		07A164D51CA5A6A50018F590 /* LaunchScreen.storyboard */ = {
			isa = PBXVariantGroup;
			children = (
				07A164D61CA5A6A50018F590 /* Base */,
			);
			name = LaunchScreen.storyboard;
			sourceTree = "<group>";
		};
/* End PBXVariantGroup section */

/* Begin XCBuildConfiguration section */
		07A164D91CA5A6A50018F590 /* Debug */ = {
			isa = XCBuildConfiguration;
			buildSettings = {
				ALWAYS_SEARCH_USER_PATHS = NO;
				CLANG_CXX_LANGUAGE_STANDARD = "gnu++0x";
				CLANG_CXX_LIBRARY = "libc++";
				CLANG_ENABLE_MODULES = YES;
				CLANG_ENABLE_OBJC_ARC = YES;
				CLANG_WARN_BOOL_CONVERSION = YES;
				CLANG_WARN_CONSTANT_CONVERSION = YES;
				CLANG_WARN_DIRECT_OBJC_ISA_USAGE = YES_ERROR;
				CLANG_WARN_EMPTY_BODY = YES;
				CLANG_WARN_ENUM_CONVERSION = YES;
				CLANG_WARN_INT_CONVERSION = YES;
				CLANG_WARN_OBJC_ROOT_CLASS = YES_ERROR;
				CLANG_WARN_UNREACHABLE_CODE = YES;
				CLANG_WARN__DUPLICATE_METHOD_MATCH = YES;
				"CODE_SIGN_IDENTITY[sdk=iphoneos*]" = "iPhone Developer";
				COPY_PHASE_STRIP = NO;
				DEBUG_INFORMATION_FORMAT = dwarf;
				ENABLE_STRICT_OBJC_MSGSEND = YES;
				ENABLE_TESTABILITY = YES;
				GCC_C_LANGUAGE_STANDARD = gnu99;
				GCC_DYNAMIC_NO_PIC = NO;
				GCC_NO_COMMON_BLOCKS = YES;
				GCC_OPTIMIZATION_LEVEL = 0;
				GCC_PREPROCESSOR_DEFINITIONS = (
					"DEBUG=1",
					"$(inherited)",
				);
				GCC_WARN_64_TO_32_BIT_CONVERSION = YES;
				GCC_WARN_ABOUT_RETURN_TYPE = YES_ERROR;
				GCC_WARN_UNDECLARED_SELECTOR = YES;
				GCC_WARN_UNINITIALIZED_AUTOS = YES_AGGRESSIVE;
				GCC_WARN_UNUSED_FUNCTION = YES;
				GCC_WARN_UNUSED_VARIABLE = YES;
				IPHONEOS_DEPLOYMENT_TARGET = 9.2;
				MTL_ENABLE_DEBUG_INFO = YES;
				ONLY_ACTIVE_ARCH = YES;
				SDKROOT = iphoneos;
			};
			name = Debug;
		};
		07A164DA1CA5A6A50018F590 /* Release */ = {
			isa = XCBuildConfiguration;
			buildSettings = {
				ALWAYS_SEARCH_USER_PATHS = NO;
				CLANG_CXX_LANGUAGE_STANDARD = "gnu++0x";
				CLANG_CXX_LIBRARY = "libc++";
				CLANG_ENABLE_MODULES = YES;
				CLANG_ENABLE_OBJC_ARC = YES;
				CLANG_WARN_BOOL_CONVERSION = YES;
				CLANG_WARN_CONSTANT_CONVERSION = YES;
				CLANG_WARN_DIRECT_OBJC_ISA_USAGE = YES_ERROR;
				CLANG_WARN_EMPTY_BODY = YES;
				CLANG_WARN_ENUM_CONVERSION = YES;
				CLANG_WARN_INT_CONVERSION = YES;
				CLANG_WARN_OBJC_ROOT_CLASS = YES_ERROR;
				CLANG_WARN_UNREACHABLE_CODE = YES;
				CLANG_WARN__DUPLICATE_METHOD_MATCH = YES;
				"CODE_SIGN_IDENTITY[sdk=iphoneos*]" = "iPhone Developer";
				COPY_PHASE_STRIP = NO;
				DEBUG_INFORMATION_FORMAT = "dwarf-with-dsym";
				ENABLE_NS_ASSERTIONS = NO;
				ENABLE_STRICT_OBJC_MSGSEND = YES;
				GCC_C_LANGUAGE_STANDARD = gnu99;
				GCC_NO_COMMON_BLOCKS = YES;
				GCC_WARN_64_TO_32_BIT_CONVERSION = YES;
				GCC_WARN_ABOUT_RETURN_TYPE = YES_ERROR;
				GCC_WARN_UNDECLARED_SELECTOR = YES;
				GCC_WARN_UNINITIALIZED_AUTOS = YES_AGGRESSIVE;
				GCC_WARN_UNUSED_FUNCTION = YES;
				GCC_WARN_UNUSED_VARIABLE = YES;
				IPHONEOS_DEPLOYMENT_TARGET = 9.2;
				MTL_ENABLE_DEBUG_INFO = NO;
				SDKROOT = iphoneos;
				VALIDATE_PRODUCT = YES;
			};
			name = Release;
		};
		07A164DC1CA5A6A50018F590 /* Debug */ = {
			isa = XCBuildConfiguration;
			buildSettings = {
				ASSETCATALOG_COMPILER_APPICON_NAME = AppIcon;
				INFOPLIST_FILE = "assessment-questao-3/Info.plist";
				LD_RUNPATH_SEARCH_PATHS = "$(inherited) @executable_path/Frameworks";
				PRODUCT_BUNDLE_IDENTIFIER = "br.edu.infnet.assessment-questao-3";
				PRODUCT_NAME = "$(TARGET_NAME)";
			};
			name = Debug;
		};
		07A164DD1CA5A6A50018F590 /* Release */ = {
			isa = XCBuildConfiguration;
			buildSettings = {
				ASSETCATALOG_COMPILER_APPICON_NAME = AppIcon;
				INFOPLIST_FILE = "assessment-questao-3/Info.plist";
				LD_RUNPATH_SEARCH_PATHS = "$(inherited) @executable_path/Frameworks";
				PRODUCT_BUNDLE_IDENTIFIER = "br.edu.infnet.assessment-questao-3";
				PRODUCT_NAME = "$(TARGET_NAME)";
			};
			name = Release;
		};
/* End XCBuildConfiguration section */

/* Begin XCConfigurationList section */
		07A164BF1CA5A6A40018F590 /* Build configuration list for PBXProject "assessment-questao-3" */ = {
			isa = XCConfigurationList;
			buildConfigurations = (
				07A164D91CA5A6A50018F590 /* Debug */,
				07A164DA1CA5A6A50018F590 /* Release */,
			);
			defaultConfigurationIsVisible = 0;
			defaultConfigurationName = Release;
		};
		07A164DB1CA5A6A50018F590 /* Build configuration list for PBXNativeTarget "assessment-questao-3" */ = {
			isa = XCConfigurationList;
			buildConfigurations = (
				07A164DC1CA5A6A50018F590 /* Debug */,
				07A164DD1CA5A6A50018F590 /* Release */,
			);
			defaultConfigurationIsVisible = 0;
		};
/* End XCConfigurationList section */
	};
	rootObject = 07A164BC1CA5A6A40018F590 /* Project object */;
}
