// !$*UTF8*$!
{
	archiveVersion = 1;
	classes = {
	};
	objectVersion = 46;
	objects = {

/* Begin PBXBuildFile section */
		07C8DDA11CC9042000C7340A /* main.m in Sources */ = {isa = PBXBuildFile; fileRef = 07C8DDA01CC9042000C7340A /* main.m */; };
		07C8DDA41CC9042000C7340A /* AppDelegate.m in Sources */ = {isa = PBXBuildFile; fileRef = 07C8DDA31CC9042000C7340A /* AppDelegate.m */; };
		07C8DDA71CC9042000C7340A /* ViewController.m in Sources */ = {isa = PBXBuildFile; fileRef = 07C8DDA61CC9042000C7340A /* ViewController.m */; };
		07C8DDAA1CC9042000C7340A /* Main.storyboard in Resources */ = {isa = PBXBuildFile; fileRef = 07C8DDA81CC9042000C7340A /* Main.storyboard */; };
		07C8DDAC1CC9042000C7340A /* Assets.xcassets in Resources */ = {isa = PBXBuildFile; fileRef = 07C8DDAB1CC9042000C7340A /* Assets.xcassets */; };
		07C8DDAF1CC9042000C7340A /* LaunchScreen.storyboard in Resources */ = {isa = PBXBuildFile; fileRef = 07C8DDAD1CC9042000C7340A /* LaunchScreen.storyboard */; };
		07C8DDB71CC904C300C7340A /* MapKit.framework in Frameworks */ = {isa = PBXBuildFile; fileRef = 07C8DDB61CC904C300C7340A /* MapKit.framework */; };
		07C8DDB91CC9051500C7340A /* CoreLocation.framework in Frameworks */ = {isa = PBXBuildFile; fileRef = 07C8DDB81CC9051500C7340A /* CoreLocation.framework */; };
/* End PBXBuildFile section */

/* Begin PBXFileReference section */
		07C8DD9C1CC9042000C7340A /* MapInfnet.app */ = {isa = PBXFileReference; explicitFileType = wrapper.application; includeInIndex = 0; path = MapInfnet.app; sourceTree = BUILT_PRODUCTS_DIR; };
		07C8DDA01CC9042000C7340A /* main.m */ = {isa = PBXFileReference; lastKnownFileType = sourcecode.c.objc; path = main.m; sourceTree = "<group>"; };
		07C8DDA21CC9042000C7340A /* AppDelegate.h */ = {isa = PBXFileReference; lastKnownFileType = sourcecode.c.h; path = AppDelegate.h; sourceTree = "<group>"; };
		07C8DDA31CC9042000C7340A /* AppDelegate.m */ = {isa = PBXFileReference; lastKnownFileType = sourcecode.c.objc; path = AppDelegate.m; sourceTree = "<group>"; };
		07C8DDA51CC9042000C7340A /* ViewController.h */ = {isa = PBXFileReference; lastKnownFileType = sourcecode.c.h; path = ViewController.h; sourceTree = "<group>"; };
		07C8DDA61CC9042000C7340A /* ViewController.m */ = {isa = PBXFileReference; lastKnownFileType = sourcecode.c.objc; path = ViewController.m; sourceTree = "<group>"; };
		07C8DDA91CC9042000C7340A /* Base */ = {isa = PBXFileReference; lastKnownFileType = file.storyboard; name = Base; path = Base.lproj/Main.storyboard; sourceTree = "<group>"; };
		07C8DDAB1CC9042000C7340A /* Assets.xcassets */ = {isa = PBXFileReference; lastKnownFileType = folder.assetcatalog; path = Assets.xcassets; sourceTree = "<group>"; };
		07C8DDAE1CC9042000C7340A /* Base */ = {isa = PBXFileReference; lastKnownFileType = file.storyboard; name = Base; path = Base.lproj/LaunchScreen.storyboard; sourceTree = "<group>"; };
		07C8DDB01CC9042000C7340A /* Info.plist */ = {isa = PBXFileReference; lastKnownFileType = text.plist.xml; path = Info.plist; sourceTree = "<group>"; };
		07C8DDB61CC904C300C7340A /* MapKit.framework */ = {isa = PBXFileReference; lastKnownFileType = wrapper.framework; name = MapKit.framework; path = System/Library/Frameworks/MapKit.framework; sourceTree = SDKROOT; };
		07C8DDB81CC9051500C7340A /* CoreLocation.framework */ = {isa = PBXFileReference; lastKnownFileType = wrapper.framework; name = CoreLocation.framework; path = System/Library/Frameworks/CoreLocation.framework; sourceTree = SDKROOT; };
/* End PBXFileReference section */

/* Begin PBXFrameworksBuildPhase section */
		07C8DD991CC9042000C7340A /* Frameworks */ = {
			isa = PBXFrameworksBuildPhase;
			buildActionMask = 2147483647;
			files = (
				07C8DDB91CC9051500C7340A /* CoreLocation.framework in Frameworks */,
				07C8DDB71CC904C300C7340A /* MapKit.framework in Frameworks */,
			);
			runOnlyForDeploymentPostprocessing = 0;
		};
/* End PBXFrameworksBuildPhase section */

/* Begin PBXGroup section */
		07C8DD931CC9042000C7340A = {
			isa = PBXGroup;
			children = (
				07C8DD9E1CC9042000C7340A /* MapInfnet */,
				07C8DD9D1CC9042000C7340A /* Products */,
				07C8DDBA1CC9053900C7340A /* Frameworks */,
			);
			sourceTree = "<group>";
		};
		07C8DD9D1CC9042000C7340A /* Products */ = {
			isa = PBXGroup;
			children = (
				07C8DD9C1CC9042000C7340A /* MapInfnet.app */,
			);
			name = Products;
			sourceTree = "<group>";
		};
		07C8DD9E1CC9042000C7340A /* MapInfnet */ = {
			isa = PBXGroup;
			children = (
				07C8DDA21CC9042000C7340A /* AppDelegate.h */,
				07C8DDA31CC9042000C7340A /* AppDelegate.m */,
				07C8DDA51CC9042000C7340A /* ViewController.h */,
				07C8DDA61CC9042000C7340A /* ViewController.m */,
				07C8DDA81CC9042000C7340A /* Main.storyboard */,
				07C8DDAB1CC9042000C7340A /* Assets.xcassets */,
				07C8DDAD1CC9042000C7340A /* LaunchScreen.storyboard */,
				07C8DD9F1CC9042000C7340A /* Supporting Files */,
			);
			path = MapInfnet;
			sourceTree = "<group>";
		};
		07C8DD9F1CC9042000C7340A /* Supporting Files */ = {
			isa = PBXGroup;
			children = (
				07C8DDB01CC9042000C7340A /* Info.plist */,
				07C8DDA01CC9042000C7340A /* main.m */,
			);
			name = "Supporting Files";
			sourceTree = "<group>";
		};
		07C8DDBA1CC9053900C7340A /* Frameworks */ = {
			isa = PBXGroup;
			children = (
				07C8DDB81CC9051500C7340A /* CoreLocation.framework */,
				07C8DDB61CC904C300C7340A /* MapKit.framework */,
			);
			name = Frameworks;
			sourceTree = "<group>";
		};
/* End PBXGroup section */

/* Begin PBXNativeTarget section */
		07C8DD9B1CC9042000C7340A /* MapInfnet */ = {
			isa = PBXNativeTarget;
			buildConfigurationList = 07C8DDB31CC9042000C7340A /* Build configuration list for PBXNativeTarget "MapInfnet" */;
			buildPhases = (
				07C8DD981CC9042000C7340A /* Sources */,
				07C8DD991CC9042000C7340A /* Frameworks */,
				07C8DD9A1CC9042000C7340A /* Resources */,
			);
			buildRules = (
			);
			dependencies = (
			);
			name = MapInfnet;
			productName = MapInfnet;
			productReference = 07C8DD9C1CC9042000C7340A /* MapInfnet.app */;
			productType = "com.apple.product-type.application";
		};
/* End PBXNativeTarget section */

/* Begin PBXProject section */
		07C8DD941CC9042000C7340A /* Project object */ = {
			isa = PBXProject;
			attributes = {
				LastUpgradeCheck = 0720;
				ORGANIZATIONNAME = infnet;
				TargetAttributes = {
					07C8DD9B1CC9042000C7340A = {
						CreatedOnToolsVersion = 7.2;
					};
				};
			};
			buildConfigurationList = 07C8DD971CC9042000C7340A /* Build configuration list for PBXProject "MapInfnet" */;
			compatibilityVersion = "Xcode 3.2";
			developmentRegion = English;
			hasScannedForEncodings = 0;
			knownRegions = (
				en,
				Base,
			);
			mainGroup = 07C8DD931CC9042000C7340A;
			productRefGroup = 07C8DD9D1CC9042000C7340A /* Products */;
			projectDirPath = "";
			projectRoot = "";
			targets = (
				07C8DD9B1CC9042000C7340A /* MapInfnet */,
			);
		};
/* End PBXProject section */

/* Begin PBXResourcesBuildPhase section */
		07C8DD9A1CC9042000C7340A /* Resources */ = {
			isa = PBXResourcesBuildPhase;
			buildActionMask = 2147483647;
			files = (
				07C8DDAF1CC9042000C7340A /* LaunchScreen.storyboard in Resources */,
				07C8DDAC1CC9042000C7340A /* Assets.xcassets in Resources */,
				07C8DDAA1CC9042000C7340A /* Main.storyboard in Resources */,
			);
			runOnlyForDeploymentPostprocessing = 0;
		};
/* End PBXResourcesBuildPhase section */

/* Begin PBXSourcesBuildPhase section */
		07C8DD981CC9042000C7340A /* Sources */ = {
			isa = PBXSourcesBuildPhase;
			buildActionMask = 2147483647;
			files = (
				07C8DDA71CC9042000C7340A /* ViewController.m in Sources */,
				07C8DDA41CC9042000C7340A /* AppDelegate.m in Sources */,
				07C8DDA11CC9042000C7340A /* main.m in Sources */,
			);
			runOnlyForDeploymentPostprocessing = 0;
		};
/* End PBXSourcesBuildPhase section */

/* Begin PBXVariantGroup section */
		07C8DDA81CC9042000C7340A /* Main.storyboard */ = {
			isa = PBXVariantGroup;
			children = (
				07C8DDA91CC9042000C7340A /* Base */,
			);
			name = Main.storyboard;
			sourceTree = "<group>";
		};
		07C8DDAD1CC9042000C7340A /* LaunchScreen.storyboard */ = {
			isa = PBXVariantGroup;
			children = (
				07C8DDAE1CC9042000C7340A /* Base */,
			);
			name = LaunchScreen.storyboard;
			sourceTree = "<group>";
		};
/* End PBXVariantGroup section */

/* Begin XCBuildConfiguration section */
		07C8DDB11CC9042000C7340A /* Debug */ = {
			isa = XCBuildConfiguration;
			buildSettings = {
				ALWAYS_SEARCH_USER_PATHS = NO;
				CLANG_CXX_LANGUAGE_STANDARD = "gnu++0x";
				CLANG_CXX_LIBRARY = "libc++";
				CLANG_ENABLE_MODULES = YES;
				CLANG_ENABLE_OBJC_ARC = YES;
				CLANG_WARN_BOOL_CONVERSION = YES;
				CLANG_WARN_CONSTANT_CONVERSION = YES;
				CLANG_WARN_DIRECT_OBJC_ISA_USAGE = YES_ERROR;
				CLANG_WARN_EMPTY_BODY = YES;
				CLANG_WARN_ENUM_CONVERSION = YES;
				CLANG_WARN_INT_CONVERSION = YES;
				CLANG_WARN_OBJC_ROOT_CLASS = YES_ERROR;
				CLANG_WARN_UNREACHABLE_CODE = YES;
				CLANG_WARN__DUPLICATE_METHOD_MATCH = YES;
				"CODE_SIGN_IDENTITY[sdk=iphoneos*]" = "iPhone Developer";
				COPY_PHASE_STRIP = NO;
				DEBUG_INFORMATION_FORMAT = dwarf;
				ENABLE_STRICT_OBJC_MSGSEND = YES;
				ENABLE_TESTABILITY = YES;
				GCC_C_LANGUAGE_STANDARD = gnu99;
				GCC_DYNAMIC_NO_PIC = NO;
				GCC_NO_COMMON_BLOCKS = YES;
				GCC_OPTIMIZATION_LEVEL = 0;
				GCC_PREPROCESSOR_DEFINITIONS = (
					"DEBUG=1",
					"$(inherited)",
				);
				GCC_WARN_64_TO_32_BIT_CONVERSION = YES;
				GCC_WARN_ABOUT_RETURN_TYPE = YES_ERROR;
				GCC_WARN_UNDECLARED_SELECTOR = YES;
				GCC_WARN_UNINITIALIZED_AUTOS = YES_AGGRESSIVE;
				GCC_WARN_UNUSED_FUNCTION = YES;
				GCC_WARN_UNUSED_VARIABLE = YES;
				IPHONEOS_DEPLOYMENT_TARGET = 9.2;
				MTL_ENABLE_DEBUG_INFO = YES;
				ONLY_ACTIVE_ARCH = YES;
				SDKROOT = iphoneos;
			};
			name = Debug;
		};
		07C8DDB21CC9042000C7340A /* Release */ = {
			isa = XCBuildConfiguration;
			buildSettings = {
				ALWAYS_SEARCH_USER_PATHS = NO;
				CLANG_CXX_LANGUAGE_STANDARD = "gnu++0x";
				CLANG_CXX_LIBRARY = "libc++";
				CLANG_ENABLE_MODULES = YES;
				CLANG_ENABLE_OBJC_ARC = YES;
				CLANG_WARN_BOOL_CONVERSION = YES;
				CLANG_WARN_CONSTANT_CONVERSION = YES;
				CLANG_WARN_DIRECT_OBJC_ISA_USAGE = YES_ERROR;
				CLANG_WARN_EMPTY_BODY = YES;
				CLANG_WARN_ENUM_CONVERSION = YES;
				CLANG_WARN_INT_CONVERSION = YES;
				CLANG_WARN_OBJC_ROOT_CLASS = YES_ERROR;
				CLANG_WARN_UNREACHABLE_CODE = YES;
				CLANG_WARN__DUPLICATE_METHOD_MATCH = YES;
				"CODE_SIGN_IDENTITY[sdk=iphoneos*]" = "iPhone Developer";
				COPY_PHASE_STRIP = NO;
				DEBUG_INFORMATION_FORMAT = "dwarf-with-dsym";
				ENABLE_NS_ASSERTIONS = NO;
				ENABLE_STRICT_OBJC_MSGSEND = YES;
				GCC_C_LANGUAGE_STANDARD = gnu99;
				GCC_NO_COMMON_BLOCKS = YES;
				GCC_WARN_64_TO_32_BIT_CONVERSION = YES;
				GCC_WARN_ABOUT_RETURN_TYPE = YES_ERROR;
				GCC_WARN_UNDECLARED_SELECTOR = YES;
				GCC_WARN_UNINITIALIZED_AUTOS = YES_AGGRESSIVE;
				GCC_WARN_UNUSED_FUNCTION = YES;
				GCC_WARN_UNUSED_VARIABLE = YES;
				IPHONEOS_DEPLOYMENT_TARGET = 9.2;
				MTL_ENABLE_DEBUG_INFO = NO;
				SDKROOT = iphoneos;
				VALIDATE_PRODUCT = YES;
			};
			name = Release;
		};
		07C8DDB41CC9042000C7340A /* Debug */ = {
			isa = XCBuildConfiguration;
			buildSettings = {
				ASSETCATALOG_COMPILER_APPICON_NAME = AppIcon;
				INFOPLIST_FILE = MapInfnet/Info.plist;
				LD_RUNPATH_SEARCH_PATHS = "$(inherited) @executable_path/Frameworks";
				PRODUCT_BUNDLE_IDENTIFIER = br.edu.infnet.MapInfnet;
				PRODUCT_NAME = "$(TARGET_NAME)";
			};
			name = Debug;
		};
		07C8DDB51CC9042000C7340A /* Release */ = {
			isa = XCBuildConfiguration;
			buildSettings = {
				ASSETCATALOG_COMPILER_APPICON_NAME = AppIcon;
				INFOPLIST_FILE = MapInfnet/Info.plist;
				LD_RUNPATH_SEARCH_PATHS = "$(inherited) @executable_path/Frameworks";
				PRODUCT_BUNDLE_IDENTIFIER = br.edu.infnet.MapInfnet;
				PRODUCT_NAME = "$(TARGET_NAME)";
			};
			name = Release;
		};
/* End XCBuildConfiguration section */

/* Begin XCConfigurationList section */
		07C8DD971CC9042000C7340A /* Build configuration list for PBXProject "MapInfnet" */ = {
			isa = XCConfigurationList;
			buildConfigurations = (
				07C8DDB11CC9042000C7340A /* Debug */,
				07C8DDB21CC9042000C7340A /* Release */,
			);
			defaultConfigurationIsVisible = 0;
			defaultConfigurationName = Release;
		};
		07C8DDB31CC9042000C7340A /* Build configuration list for PBXNativeTarget "MapInfnet" */ = {
			isa = XCConfigurationList;
			buildConfigurations = (
				07C8DDB41CC9042000C7340A /* Debug */,
				07C8DDB51CC9042000C7340A /* Release */,
			);
			defaultConfigurationIsVisible = 0;
		};
/* End XCConfigurationList section */
	};
	rootObject = 07C8DD941CC9042000C7340A /* Project object */;
}
