// !$*UTF8*$!
{
	archiveVersion = 1;
	classes = {
	};
	objectVersion = 46;
	objects = {

/* Begin PBXBuildFile section */
		07A525FE1CE765BF002F1CE1 /* AppDelegate.swift in Sources */ = {isa = PBXBuildFile; fileRef = 07A525FD1CE765BF002F1CE1 /* AppDelegate.swift */; };
		07A526001CE765BF002F1CE1 /* ViewController.swift in Sources */ = {isa = PBXBuildFile; fileRef = 07A525FF1CE765BF002F1CE1 /* ViewController.swift */; };
		07A526031CE765BF002F1CE1 /* Main.storyboard in Resources */ = {isa = PBXBuildFile; fileRef = 07A526011CE765BF002F1CE1 /* Main.storyboard */; };
		07A526051CE765BF002F1CE1 /* Assets.xcassets in Resources */ = {isa = PBXBuildFile; fileRef = 07A526041CE765BF002F1CE1 /* Assets.xcassets */; };
		07A526081CE765BF002F1CE1 /* LaunchScreen.storyboard in Resources */ = {isa = PBXBuildFile; fileRef = 07A526061CE765BF002F1CE1 /* LaunchScreen.storyboard */; };
		07A526101CE76616002F1CE1 /* Carros.plist in Resources */ = {isa = PBXBuildFile; fileRef = 07A5260F1CE76616002F1CE1 /* Carros.plist */; };
/* End PBXBuildFile section */

/* Begin PBXFileReference section */
		07A525FA1CE765BF002F1CE1 /* PlistExemplo.app */ = {isa = PBXFileReference; explicitFileType = wrapper.application; includeInIndex = 0; path = PlistExemplo.app; sourceTree = BUILT_PRODUCTS_DIR; };
		07A525FD1CE765BF002F1CE1 /* AppDelegate.swift */ = {isa = PBXFileReference; lastKnownFileType = sourcecode.swift; path = AppDelegate.swift; sourceTree = "<group>"; };
		07A525FF1CE765BF002F1CE1 /* ViewController.swift */ = {isa = PBXFileReference; lastKnownFileType = sourcecode.swift; path = ViewController.swift; sourceTree = "<group>"; };
		07A526021CE765BF002F1CE1 /* Base */ = {isa = PBXFileReference; lastKnownFileType = file.storyboard; name = Base; path = Base.lproj/Main.storyboard; sourceTree = "<group>"; };
		07A526041CE765BF002F1CE1 /* Assets.xcassets */ = {isa = PBXFileReference; lastKnownFileType = folder.assetcatalog; path = Assets.xcassets; sourceTree = "<group>"; };
		07A526071CE765BF002F1CE1 /* Base */ = {isa = PBXFileReference; lastKnownFileType = file.storyboard; name = Base; path = Base.lproj/LaunchScreen.storyboard; sourceTree = "<group>"; };
		07A526091CE765BF002F1CE1 /* Info.plist */ = {isa = PBXFileReference; lastKnownFileType = text.plist.xml; path = Info.plist; sourceTree = "<group>"; };
		07A5260F1CE76616002F1CE1 /* Carros.plist */ = {isa = PBXFileReference; fileEncoding = 4; lastKnownFileType = text.plist.xml; name = Carros.plist; path = ../Carros.plist; sourceTree = "<group>"; };
/* End PBXFileReference section */

/* Begin PBXFrameworksBuildPhase section */
		07A525F71CE765BF002F1CE1 /* Frameworks */ = {
			isa = PBXFrameworksBuildPhase;
			buildActionMask = 2147483647;
			files = (
			);
			runOnlyForDeploymentPostprocessing = 0;
		};
/* End PBXFrameworksBuildPhase section */

/* Begin PBXGroup section */
		07A525F11CE765BF002F1CE1 = {
			isa = PBXGroup;
			children = (
				07A525FC1CE765BF002F1CE1 /* PlistExemplo */,
				07A525FB1CE765BF002F1CE1 /* Products */,
			);
			sourceTree = "<group>";
		};
		07A525FB1CE765BF002F1CE1 /* Products */ = {
			isa = PBXGroup;
			children = (
				07A525FA1CE765BF002F1CE1 /* PlistExemplo.app */,
			);
			name = Products;
			sourceTree = "<group>";
		};
		07A525FC1CE765BF002F1CE1 /* PlistExemplo */ = {
			isa = PBXGroup;
			children = (
				07A525FD1CE765BF002F1CE1 /* AppDelegate.swift */,
				07A525FF1CE765BF002F1CE1 /* ViewController.swift */,
				07A526011CE765BF002F1CE1 /* Main.storyboard */,
				07A526041CE765BF002F1CE1 /* Assets.xcassets */,
				07A526061CE765BF002F1CE1 /* LaunchScreen.storyboard */,
				07A5260F1CE76616002F1CE1 /* Carros.plist */,
				07A526091CE765BF002F1CE1 /* Info.plist */,
			);
			path = PlistExemplo;
			sourceTree = "<group>";
		};
/* End PBXGroup section */

/* Begin PBXNativeTarget section */
		07A525F91CE765BF002F1CE1 /* PlistExemplo */ = {
			isa = PBXNativeTarget;
			buildConfigurationList = 07A5260C1CE765BF002F1CE1 /* Build configuration list for PBXNativeTarget "PlistExemplo" */;
			buildPhases = (
				07A525F61CE765BF002F1CE1 /* Sources */,
				07A525F71CE765BF002F1CE1 /* Frameworks */,
				07A525F81CE765BF002F1CE1 /* Resources */,
			);
			buildRules = (
			);
			dependencies = (
			);
			name = PlistExemplo;
			productName = PlistExemplo;
			productReference = 07A525FA1CE765BF002F1CE1 /* PlistExemplo.app */;
			productType = "com.apple.product-type.application";
		};
/* End PBXNativeTarget section */

/* Begin PBXProject section */
		07A525F21CE765BF002F1CE1 /* Project object */ = {
			isa = PBXProject;
			attributes = {
				LastSwiftUpdateCheck = 0730;
				LastUpgradeCheck = 0730;
				ORGANIZATIONNAME = infnet;
				TargetAttributes = {
					07A525F91CE765BF002F1CE1 = {
						CreatedOnToolsVersion = 7.3;
						DevelopmentTeam = 5CSYDHF342;
					};
				};
			};
			buildConfigurationList = 07A525F51CE765BF002F1CE1 /* Build configuration list for PBXProject "PlistExemplo" */;
			compatibilityVersion = "Xcode 3.2";
			developmentRegion = English;
			hasScannedForEncodings = 0;
			knownRegions = (
				en,
				Base,
			);
			mainGroup = 07A525F11CE765BF002F1CE1;
			productRefGroup = 07A525FB1CE765BF002F1CE1 /* Products */;
			projectDirPath = "";
			projectRoot = "";
			targets = (
				07A525F91CE765BF002F1CE1 /* PlistExemplo */,
			);
		};
/* End PBXProject section */

/* Begin PBXResourcesBuildPhase section */
		07A525F81CE765BF002F1CE1 /* Resources */ = {
			isa = PBXResourcesBuildPhase;
			buildActionMask = 2147483647;
			files = (
				07A526101CE76616002F1CE1 /* Carros.plist in Resources */,
				07A526081CE765BF002F1CE1 /* LaunchScreen.storyboard in Resources */,
				07A526051CE765BF002F1CE1 /* Assets.xcassets in Resources */,
				07A526031CE765BF002F1CE1 /* Main.storyboard in Resources */,
			);
			runOnlyForDeploymentPostprocessing = 0;
		};
/* End PBXResourcesBuildPhase section */

/* Begin PBXSourcesBuildPhase section */
		07A525F61CE765BF002F1CE1 /* Sources */ = {
			isa = PBXSourcesBuildPhase;
			buildActionMask = 2147483647;
			files = (
				07A526001CE765BF002F1CE1 /* ViewController.swift in Sources */,
				07A525FE1CE765BF002F1CE1 /* AppDelegate.swift in Sources */,
			);
			runOnlyForDeploymentPostprocessing = 0;
		};
/* End PBXSourcesBuildPhase section */

/* Begin PBXVariantGroup section */
		07A526011CE765BF002F1CE1 /* Main.storyboard */ = {
			isa = PBXVariantGroup;
			children = (
				07A526021CE765BF002F1CE1 /* Base */,
			);
			name = Main.storyboard;
			sourceTree = "<group>";
		};
		07A526061CE765BF002F1CE1 /* LaunchScreen.storyboard */ = {
			isa = PBXVariantGroup;
			children = (
				07A526071CE765BF002F1CE1 /* Base */,
			);
			name = LaunchScreen.storyboard;
			sourceTree = "<group>";
		};
/* End PBXVariantGroup section */

/* Begin XCBuildConfiguration section */
		07A5260A1CE765BF002F1CE1 /* Debug */ = {
			isa = XCBuildConfiguration;
			buildSettings = {
				ALWAYS_SEARCH_USER_PATHS = NO;
				CLANG_ANALYZER_NONNULL = YES;
				CLANG_CXX_LANGUAGE_STANDARD = "gnu++0x";
				CLANG_CXX_LIBRARY = "libc++";
				CLANG_ENABLE_MODULES = YES;
				CLANG_ENABLE_OBJC_ARC = YES;
				CLANG_WARN_BOOL_CONVERSION = YES;
				CLANG_WARN_CONSTANT_CONVERSION = YES;
				CLANG_WARN_DIRECT_OBJC_ISA_USAGE = YES_ERROR;
				CLANG_WARN_EMPTY_BODY = YES;
				CLANG_WARN_ENUM_CONVERSION = YES;
				CLANG_WARN_INT_CONVERSION = YES;
				CLANG_WARN_OBJC_ROOT_CLASS = YES_ERROR;
				CLANG_WARN_UNREACHABLE_CODE = YES;
				CLANG_WARN__DUPLICATE_METHOD_MATCH = YES;
				"CODE_SIGN_IDENTITY[sdk=iphoneos*]" = "iPhone Developer";
				COPY_PHASE_STRIP = NO;
				DEBUG_INFORMATION_FORMAT = dwarf;
				ENABLE_STRICT_OBJC_MSGSEND = YES;
				ENABLE_TESTABILITY = YES;
				GCC_C_LANGUAGE_STANDARD = gnu99;
				GCC_DYNAMIC_NO_PIC = NO;
				GCC_NO_COMMON_BLOCKS = YES;
				GCC_OPTIMIZATION_LEVEL = 0;
				GCC_PREPROCESSOR_DEFINITIONS = (
					"DEBUG=1",
					"$(inherited)",
				);
				GCC_WARN_64_TO_32_BIT_CONVERSION = YES;
				GCC_WARN_ABOUT_RETURN_TYPE = YES_ERROR;
				GCC_WARN_UNDECLARED_SELECTOR = YES;
				GCC_WARN_UNINITIALIZED_AUTOS = YES_AGGRESSIVE;
				GCC_WARN_UNUSED_FUNCTION = YES;
				GCC_WARN_UNUSED_VARIABLE = YES;
				IPHONEOS_DEPLOYMENT_TARGET = 9.3;
				MTL_ENABLE_DEBUG_INFO = YES;
				ONLY_ACTIVE_ARCH = YES;
				SDKROOT = iphoneos;
				SWIFT_OPTIMIZATION_LEVEL = "-Onone";
			};
			name = Debug;
		};
		07A5260B1CE765BF002F1CE1 /* Release */ = {
			isa = XCBuildConfiguration;
			buildSettings = {
				ALWAYS_SEARCH_USER_PATHS = NO;
				CLANG_ANALYZER_NONNULL = YES;
				CLANG_CXX_LANGUAGE_STANDARD = "gnu++0x";
				CLANG_CXX_LIBRARY = "libc++";
				CLANG_ENABLE_MODULES = YES;
				CLANG_ENABLE_OBJC_ARC = YES;
				CLANG_WARN_BOOL_CONVERSION = YES;
				CLANG_WARN_CONSTANT_CONVERSION = YES;
				CLANG_WARN_DIRECT_OBJC_ISA_USAGE = YES_ERROR;
				CLANG_WARN_EMPTY_BODY = YES;
				CLANG_WARN_ENUM_CONVERSION = YES;
				CLANG_WARN_INT_CONVERSION = YES;
				CLANG_WARN_OBJC_ROOT_CLASS = YES_ERROR;
				CLANG_WARN_UNREACHABLE_CODE = YES;
				CLANG_WARN__DUPLICATE_METHOD_MATCH = YES;
				"CODE_SIGN_IDENTITY[sdk=iphoneos*]" = "iPhone Developer";
				COPY_PHASE_STRIP = NO;
				DEBUG_INFORMATION_FORMAT = "dwarf-with-dsym";
				ENABLE_NS_ASSERTIONS = NO;
				ENABLE_STRICT_OBJC_MSGSEND = YES;
				GCC_C_LANGUAGE_STANDARD = gnu99;
				GCC_NO_COMMON_BLOCKS = YES;
				GCC_WARN_64_TO_32_BIT_CONVERSION = YES;
				GCC_WARN_ABOUT_RETURN_TYPE = YES_ERROR;
				GCC_WARN_UNDECLARED_SELECTOR = YES;
				GCC_WARN_UNINITIALIZED_AUTOS = YES_AGGRESSIVE;
				GCC_WARN_UNUSED_FUNCTION = YES;
				GCC_WARN_UNUSED_VARIABLE = YES;
				IPHONEOS_DEPLOYMENT_TARGET = 9.3;
				MTL_ENABLE_DEBUG_INFO = NO;
				SDKROOT = iphoneos;
				VALIDATE_PRODUCT = YES;
			};
			name = Release;
		};
		07A5260D1CE765BF002F1CE1 /* Debug */ = {
			isa = XCBuildConfiguration;
			buildSettings = {
				ASSETCATALOG_COMPILER_APPICON_NAME = AppIcon;
				INFOPLIST_FILE = PlistExemplo/Info.plist;
				LD_RUNPATH_SEARCH_PATHS = "$(inherited) @executable_path/Frameworks";
				PRODUCT_BUNDLE_IDENTIFIER = br.edu.infnet.PlistExemplo;
				PRODUCT_NAME = "$(TARGET_NAME)";
			};
			name = Debug;
		};
		07A5260E1CE765BF002F1CE1 /* Release */ = {
			isa = XCBuildConfiguration;
			buildSettings = {
				ASSETCATALOG_COMPILER_APPICON_NAME = AppIcon;
				INFOPLIST_FILE = PlistExemplo/Info.plist;
				LD_RUNPATH_SEARCH_PATHS = "$(inherited) @executable_path/Frameworks";
				PRODUCT_BUNDLE_IDENTIFIER = br.edu.infnet.PlistExemplo;
				PRODUCT_NAME = "$(TARGET_NAME)";
			};
			name = Release;
		};
/* End XCBuildConfiguration section */

/* Begin XCConfigurationList section */
		07A525F51CE765BF002F1CE1 /* Build configuration list for PBXProject "PlistExemplo" */ = {
			isa = XCConfigurationList;
			buildConfigurations = (
				07A5260A1CE765BF002F1CE1 /* Debug */,
				07A5260B1CE765BF002F1CE1 /* Release */,
			);
			defaultConfigurationIsVisible = 0;
			defaultConfigurationName = Release;
		};
		07A5260C1CE765BF002F1CE1 /* Build configuration list for PBXNativeTarget "PlistExemplo" */ = {
			isa = XCConfigurationList;
			buildConfigurations = (
				07A5260D1CE765BF002F1CE1 /* Debug */,
				07A5260E1CE765BF002F1CE1 /* Release */,
			);
			defaultConfigurationIsVisible = 0;
		};
/* End XCConfigurationList section */
	};
	rootObject = 07A525F21CE765BF002F1CE1 /* Project object */;
}
