// !$*UTF8*$!
{
	archiveVersion = 1;
	classes = {
	};
	objectVersion = 46;
	objects = {

/* Begin PBXBuildFile section */
		07C238581CCD210D003DA891 /* AppDelegate.swift in Sources */ = {isa = PBXBuildFile; fileRef = 07C238571CCD210D003DA891 /* AppDelegate.swift */; };
		07C2385A1CCD210D003DA891 /* ViewController.swift in Sources */ = {isa = PBXBuildFile; fileRef = 07C238591CCD210D003DA891 /* ViewController.swift */; };
		07C2385D1CCD210D003DA891 /* Main.storyboard in Resources */ = {isa = PBXBuildFile; fileRef = 07C2385B1CCD210D003DA891 /* Main.storyboard */; };
		07C2385F1CCD210D003DA891 /* Assets.xcassets in Resources */ = {isa = PBXBuildFile; fileRef = 07C2385E1CCD210D003DA891 /* Assets.xcassets */; };
		07C238621CCD210D003DA891 /* LaunchScreen.storyboard in Resources */ = {isa = PBXBuildFile; fileRef = 07C238601CCD210D003DA891 /* LaunchScreen.storyboard */; };
		07C2386A1CCD2132003DA891 /* Personagem.swift in Sources */ = {isa = PBXBuildFile; fileRef = 07C238691CCD2132003DA891 /* Personagem.swift */; };
/* End PBXBuildFile section */

/* Begin PBXFileReference section */
		07C238541CCD210D003DA891 /* classSwift.app */ = {isa = PBXFileReference; explicitFileType = wrapper.application; includeInIndex = 0; path = classSwift.app; sourceTree = BUILT_PRODUCTS_DIR; };
		07C238571CCD210D003DA891 /* AppDelegate.swift */ = {isa = PBXFileReference; lastKnownFileType = sourcecode.swift; path = AppDelegate.swift; sourceTree = "<group>"; };
		07C238591CCD210D003DA891 /* ViewController.swift */ = {isa = PBXFileReference; lastKnownFileType = sourcecode.swift; path = ViewController.swift; sourceTree = "<group>"; };
		07C2385C1CCD210D003DA891 /* Base */ = {isa = PBXFileReference; lastKnownFileType = file.storyboard; name = Base; path = Base.lproj/Main.storyboard; sourceTree = "<group>"; };
		07C2385E1CCD210D003DA891 /* Assets.xcassets */ = {isa = PBXFileReference; lastKnownFileType = folder.assetcatalog; path = Assets.xcassets; sourceTree = "<group>"; };
		07C238611CCD210D003DA891 /* Base */ = {isa = PBXFileReference; lastKnownFileType = file.storyboard; name = Base; path = Base.lproj/LaunchScreen.storyboard; sourceTree = "<group>"; };
		07C238631CCD210D003DA891 /* Info.plist */ = {isa = PBXFileReference; lastKnownFileType = text.plist.xml; path = Info.plist; sourceTree = "<group>"; };
		07C238691CCD2132003DA891 /* Personagem.swift */ = {isa = PBXFileReference; fileEncoding = 4; lastKnownFileType = sourcecode.swift; path = Personagem.swift; sourceTree = "<group>"; };
/* End PBXFileReference section */

/* Begin PBXFrameworksBuildPhase section */
		07C238511CCD210D003DA891 /* Frameworks */ = {
			isa = PBXFrameworksBuildPhase;
			buildActionMask = 2147483647;
			files = (
			);
			runOnlyForDeploymentPostprocessing = 0;
		};
/* End PBXFrameworksBuildPhase section */

/* Begin PBXGroup section */
		07C2384B1CCD210D003DA891 = {
			isa = PBXGroup;
			children = (
				07C238561CCD210D003DA891 /* classSwift */,
				07C238551CCD210D003DA891 /* Products */,
			);
			sourceTree = "<group>";
		};
		07C238551CCD210D003DA891 /* Products */ = {
			isa = PBXGroup;
			children = (
				07C238541CCD210D003DA891 /* classSwift.app */,
			);
			name = Products;
			sourceTree = "<group>";
		};
		07C238561CCD210D003DA891 /* classSwift */ = {
			isa = PBXGroup;
			children = (
				07C238571CCD210D003DA891 /* AppDelegate.swift */,
				07C238591CCD210D003DA891 /* ViewController.swift */,
				07C2385B1CCD210D003DA891 /* Main.storyboard */,
				07C2385E1CCD210D003DA891 /* Assets.xcassets */,
				07C238601CCD210D003DA891 /* LaunchScreen.storyboard */,
				07C238631CCD210D003DA891 /* Info.plist */,
				07C238691CCD2132003DA891 /* Personagem.swift */,
			);
			path = classSwift;
			sourceTree = "<group>";
		};
/* End PBXGroup section */

/* Begin PBXNativeTarget section */
		07C238531CCD210D003DA891 /* classSwift */ = {
			isa = PBXNativeTarget;
			buildConfigurationList = 07C238661CCD210D003DA891 /* Build configuration list for PBXNativeTarget "classSwift" */;
			buildPhases = (
				07C238501CCD210D003DA891 /* Sources */,
				07C238511CCD210D003DA891 /* Frameworks */,
				07C238521CCD210D003DA891 /* Resources */,
			);
			buildRules = (
			);
			dependencies = (
			);
			name = classSwift;
			productName = classSwift;
			productReference = 07C238541CCD210D003DA891 /* classSwift.app */;
			productType = "com.apple.product-type.application";
		};
/* End PBXNativeTarget section */

/* Begin PBXProject section */
		07C2384C1CCD210D003DA891 /* Project object */ = {
			isa = PBXProject;
			attributes = {
				LastSwiftUpdateCheck = 0730;
				LastUpgradeCheck = 0730;
				ORGANIZATIONNAME = infnet;
				TargetAttributes = {
					07C238531CCD210D003DA891 = {
						CreatedOnToolsVersion = 7.3;
						DevelopmentTeam = 5CSYDHF342;
					};
				};
			};
			buildConfigurationList = 07C2384F1CCD210D003DA891 /* Build configuration list for PBXProject "classSwift" */;
			compatibilityVersion = "Xcode 3.2";
			developmentRegion = English;
			hasScannedForEncodings = 0;
			knownRegions = (
				en,
				Base,
			);
			mainGroup = 07C2384B1CCD210D003DA891;
			productRefGroup = 07C238551CCD210D003DA891 /* Products */;
			projectDirPath = "";
			projectRoot = "";
			targets = (
				07C238531CCD210D003DA891 /* classSwift */,
			);
		};
/* End PBXProject section */

/* Begin PBXResourcesBuildPhase section */
		07C238521CCD210D003DA891 /* Resources */ = {
			isa = PBXResourcesBuildPhase;
			buildActionMask = 2147483647;
			files = (
				07C238621CCD210D003DA891 /* LaunchScreen.storyboard in Resources */,
				07C2385F1CCD210D003DA891 /* Assets.xcassets in Resources */,
				07C2385D1CCD210D003DA891 /* Main.storyboard in Resources */,
			);
			runOnlyForDeploymentPostprocessing = 0;
		};
/* End PBXResourcesBuildPhase section */

/* Begin PBXSourcesBuildPhase section */
		07C238501CCD210D003DA891 /* Sources */ = {
			isa = PBXSourcesBuildPhase;
			buildActionMask = 2147483647;
			files = (
				07C2385A1CCD210D003DA891 /* ViewController.swift in Sources */,
				07C2386A1CCD2132003DA891 /* Personagem.swift in Sources */,
				07C238581CCD210D003DA891 /* AppDelegate.swift in Sources */,
			);
			runOnlyForDeploymentPostprocessing = 0;
		};
/* End PBXSourcesBuildPhase section */

/* Begin PBXVariantGroup section */
		07C2385B1CCD210D003DA891 /* Main.storyboard */ = {
			isa = PBXVariantGroup;
			children = (
				07C2385C1CCD210D003DA891 /* Base */,
			);
			name = Main.storyboard;
			sourceTree = "<group>";
		};
		07C238601CCD210D003DA891 /* LaunchScreen.storyboard */ = {
			isa = PBXVariantGroup;
			children = (
				07C238611CCD210D003DA891 /* Base */,
			);
			name = LaunchScreen.storyboard;
			sourceTree = "<group>";
		};
/* End PBXVariantGroup section */

/* Begin XCBuildConfiguration section */
		07C238641CCD210D003DA891 /* Debug */ = {
			isa = XCBuildConfiguration;
			buildSettings = {
				ALWAYS_SEARCH_USER_PATHS = NO;
				CLANG_ANALYZER_NONNULL = YES;
				CLANG_CXX_LANGUAGE_STANDARD = "gnu++0x";
				CLANG_CXX_LIBRARY = "libc++";
				CLANG_ENABLE_MODULES = YES;
				CLANG_ENABLE_OBJC_ARC = YES;
				CLANG_WARN_BOOL_CONVERSION = YES;
				CLANG_WARN_CONSTANT_CONVERSION = YES;
				CLANG_WARN_DIRECT_OBJC_ISA_USAGE = YES_ERROR;
				CLANG_WARN_EMPTY_BODY = YES;
				CLANG_WARN_ENUM_CONVERSION = YES;
				CLANG_WARN_INT_CONVERSION = YES;
				CLANG_WARN_OBJC_ROOT_CLASS = YES_ERROR;
				CLANG_WARN_UNREACHABLE_CODE = YES;
				CLANG_WARN__DUPLICATE_METHOD_MATCH = YES;
				"CODE_SIGN_IDENTITY[sdk=iphoneos*]" = "iPhone Developer";
				COPY_PHASE_STRIP = NO;
				DEBUG_INFORMATION_FORMAT = dwarf;
				ENABLE_STRICT_OBJC_MSGSEND = YES;
				ENABLE_TESTABILITY = YES;
				GCC_C_LANGUAGE_STANDARD = gnu99;
				GCC_DYNAMIC_NO_PIC = NO;
				GCC_NO_COMMON_BLOCKS = YES;
				GCC_OPTIMIZATION_LEVEL = 0;
				GCC_PREPROCESSOR_DEFINITIONS = (
					"DEBUG=1",
					"$(inherited)",
				);
				GCC_WARN_64_TO_32_BIT_CONVERSION = YES;
				GCC_WARN_ABOUT_RETURN_TYPE = YES_ERROR;
				GCC_WARN_UNDECLARED_SELECTOR = YES;
				GCC_WARN_UNINITIALIZED_AUTOS = YES_AGGRESSIVE;
				GCC_WARN_UNUSED_FUNCTION = YES;
				GCC_WARN_UNUSED_VARIABLE = YES;
				IPHONEOS_DEPLOYMENT_TARGET = 9.3;
				MTL_ENABLE_DEBUG_INFO = YES;
				ONLY_ACTIVE_ARCH = YES;
				SDKROOT = iphoneos;
				SWIFT_OPTIMIZATION_LEVEL = "-Onone";
			};
			name = Debug;
		};
		07C238651CCD210D003DA891 /* Release */ = {
			isa = XCBuildConfiguration;
			buildSettings = {
				ALWAYS_SEARCH_USER_PATHS = NO;
				CLANG_ANALYZER_NONNULL = YES;
				CLANG_CXX_LANGUAGE_STANDARD = "gnu++0x";
				CLANG_CXX_LIBRARY = "libc++";
				CLANG_ENABLE_MODULES = YES;
				CLANG_ENABLE_OBJC_ARC = YES;
				CLANG_WARN_BOOL_CONVERSION = YES;
				CLANG_WARN_CONSTANT_CONVERSION = YES;
				CLANG_WARN_DIRECT_OBJC_ISA_USAGE = YES_ERROR;
				CLANG_WARN_EMPTY_BODY = YES;
				CLANG_WARN_ENUM_CONVERSION = YES;
				CLANG_WARN_INT_CONVERSION = YES;
				CLANG_WARN_OBJC_ROOT_CLASS = YES_ERROR;
				CLANG_WARN_UNREACHABLE_CODE = YES;
				CLANG_WARN__DUPLICATE_METHOD_MATCH = YES;
				"CODE_SIGN_IDENTITY[sdk=iphoneos*]" = "iPhone Developer";
				COPY_PHASE_STRIP = NO;
				DEBUG_INFORMATION_FORMAT = "dwarf-with-dsym";
				ENABLE_NS_ASSERTIONS = NO;
				ENABLE_STRICT_OBJC_MSGSEND = YES;
				GCC_C_LANGUAGE_STANDARD = gnu99;
				GCC_NO_COMMON_BLOCKS = YES;
				GCC_WARN_64_TO_32_BIT_CONVERSION = YES;
				GCC_WARN_ABOUT_RETURN_TYPE = YES_ERROR;
				GCC_WARN_UNDECLARED_SELECTOR = YES;
				GCC_WARN_UNINITIALIZED_AUTOS = YES_AGGRESSIVE;
				GCC_WARN_UNUSED_FUNCTION = YES;
				GCC_WARN_UNUSED_VARIABLE = YES;
				IPHONEOS_DEPLOYMENT_TARGET = 9.3;
				MTL_ENABLE_DEBUG_INFO = NO;
				SDKROOT = iphoneos;
				VALIDATE_PRODUCT = YES;
			};
			name = Release;
		};
		07C238671CCD210D003DA891 /* Debug */ = {
			isa = XCBuildConfiguration;
			buildSettings = {
				ASSETCATALOG_COMPILER_APPICON_NAME = AppIcon;
				INFOPLIST_FILE = classSwift/Info.plist;
				LD_RUNPATH_SEARCH_PATHS = "$(inherited) @executable_path/Frameworks";
				PRODUCT_BUNDLE_IDENTIFIER = br.edu.infnet.classSwift;
				PRODUCT_NAME = "$(TARGET_NAME)";
			};
			name = Debug;
		};
		07C238681CCD210D003DA891 /* Release */ = {
			isa = XCBuildConfiguration;
			buildSettings = {
				ASSETCATALOG_COMPILER_APPICON_NAME = AppIcon;
				INFOPLIST_FILE = classSwift/Info.plist;
				LD_RUNPATH_SEARCH_PATHS = "$(inherited) @executable_path/Frameworks";
				PRODUCT_BUNDLE_IDENTIFIER = br.edu.infnet.classSwift;
				PRODUCT_NAME = "$(TARGET_NAME)";
			};
			name = Release;
		};
/* End XCBuildConfiguration section */

/* Begin XCConfigurationList section */
		07C2384F1CCD210D003DA891 /* Build configuration list for PBXProject "classSwift" */ = {
			isa = XCConfigurationList;
			buildConfigurations = (
				07C238641CCD210D003DA891 /* Debug */,
				07C238651CCD210D003DA891 /* Release */,
			);
			defaultConfigurationIsVisible = 0;
			defaultConfigurationName = Release;
		};
		07C238661CCD210D003DA891 /* Build configuration list for PBXNativeTarget "classSwift" */ = {
			isa = XCConfigurationList;
			buildConfigurations = (
				07C238671CCD210D003DA891 /* Debug */,
				07C238681CCD210D003DA891 /* Release */,
			);
			defaultConfigurationIsVisible = 0;
		};
/* End XCConfigurationList section */
	};
	rootObject = 07C2384C1CCD210D003DA891 /* Project object */;
}
